{
  "name": "mynenu",
  "version": "2.1.0",
  "lockfileVersion": 1,
  "requires": true,
  "dependencies": {
    "tslib": {
      "version": "1.10.0",
      "resolved": "https://registry.npmjs.org/tslib/-/tslib-1.10.0.tgz",
      "integrity": "sha512-qOebF53frne81cf0S9B41ByenJ3/IuH8yJKngAX35CmiZySA0khhkovshKK+jGCaMnVomla7gVlIcc3EvKPbTQ=="
    },
    "wxpage": {
      "version": "1.1.9",
      "resolved": "https://registry.npmjs.org/wxpage/-/wxpage-1.1.9.tgz",
      "integrity": "sha512-xUeuC6kpsjseKn/ncjFTpsvGvnDXYNozAvCTB7O0GcHp7r1lH/fxKqRZdJFtz4Wci2oIwL7K6ArJrJHSIxHJcQ=="
    }
  }
}
